%{
  "nimble_options": {:hex, :nimble_options, "1.1.1", "e3a492d54d85fc3fd7c5baf411d9d2852922f66e69476317787a7b2bb000a61b", [:mix], [], "hexpm", "821b2470ca9442c4b6984882fe9bb0389371b8ddec4d45a9504f00a66f650b44"},
  "telemetry": {:hex, :telemetry, "1.2.1", "68fdfe8d8f05a8428483a97d7aab2f268aaff24b49e0f599faa091f1d4e7f61c", [:rebar3], [], "hexpm", "dad9ce9d8effc621708f99eac538ef1cbe05d6a874dd741de2e689c47feafed5"},
  "telemetry_metrics": {:hex, :telemetry_metrics, "0.6.2", "2caabe9344ec17eafe5403304771c3539f3b6e2f7fb6a6f602558c825d0d0bfb", [:mix], [{:telemetry, "~> 0.4 or ~> 1.0", [hex: :telemetry, repo: "hexpm", optional: false]}], "hexpm", "9b43db0dc33863930b9ef9d27137e78974756f5f198cae18409970ed6fa5b561"},
  "telemetry_metrics_statsd": {:hex, :telemetry_metrics_statsd, "0.7.0", "92732fae63db31ef2508df6faee7d81401883e33f2976715a82f296a33a45cee", [:mix], [{:nimble_options, "~> 0.4 or ~> 1.0", [hex: :nimble_options, repo: "hexpm", optional: false]}, {:telemetry, "~> 0.4 or ~> 1.0", [hex: :telemetry, repo: "hexpm", optional: false]}, {:telemetry_metrics, "~> 0.6", [hex: :telemetry_metrics, repo: "hexpm", optional: false]}], "hexpm", "797e34a856376dfd4e96347da0f747fcff4e0cadf6e6f0f989598f563cad05ff"},
  "telemetry_registry": {:hex, :telemetry_registry, "0.3.1", "14a3319a7d9027bdbff7ebcacf1a438f5f5c903057b93aee484cca26f05bdcba", [:mix, :rebar3], [{:telemetry, "~> 1.0", [hex: :telemetry, repo: "hexpm", optional: false]}], "hexpm", "6d0ca77b691cf854ed074b459a93b87f4c7f5512f8f7743c635ca83da81f939e"},
  "vmstats": {:hex, :vmstats, "2.4.0", "57763d3edc861da2de02b2f0df3adc37e5a140117147937e83908cac40a10c9b", [:rebar3], [], "hexpm", "266f464e64b459f614ed64e25bda270f8a77951868bbaf0e2209274efc3d9b6d"},
}
